# This file is automatically @generated by Cargo.
# It is not intended for manual editing.
version = 4

[[package]]
name = "JTC-1701"
version = "0.1.0"

[[package]]
name = "balanced_ternary"
version = "0.1.0"

[[package]]
name = "memdevice"
version = "0.1.0"
dependencies = [
 "balanced_ternary",
]

[[package]]
name = "septivigntimal"
version = "0.1.0"
dependencies = [
 "balanced_ternary",
]
